// !$*UTF8*$!
{
	archiveVersion = 1;
	classes = {
	};
	objectVersion = 51;
	objects = {

/* Begin PBXBuildFile section */
		CDBC3059571109A4D922C270 /* Pods_Parstagram.framework in Frameworks */ = {isa = PBXBuildFile; fileRef = 547D2D656FC48F35D411832A /* Pods_Parstagram.framework */; };
		CE641C9C272103BC006E5C71 /* LoginViewController.swift in Sources */ = {isa = PBXBuildFile; fileRef = CE641C9B272103BC006E5C71 /* LoginViewController.swift */; };
		CE641C9E272103D2006E5C71 /* FeedViewController.swift in Sources */ = {isa = PBXBuildFile; fileRef = CE641C9D272103D2006E5C71 /* FeedViewController.swift */; };
		CE641CBC2721150C006E5C71 /* CameraViewController.swift in Sources */ = {isa = PBXBuildFile; fileRef = CE641CBB2721150C006E5C71 /* CameraViewController.swift */; };
		CE641CC1272218D4006E5C71 /* PostCell.swift in Sources */ = {isa = PBXBuildFile; fileRef = CE641CC0272218D4006E5C71 /* PostCell.swift */; };
		CED49AE42720FC870008A6F6 /* AppDelegate.swift in Sources */ = {isa = PBXBuildFile; fileRef = CED49AE32720FC870008A6F6 /* AppDelegate.swift */; };
		CED49AE62720FC870008A6F6 /* SceneDelegate.swift in Sources */ = {isa = PBXBuildFile; fileRef = CED49AE52720FC870008A6F6 /* SceneDelegate.swift */; };
		CED49AEB2720FC880008A6F6 /* Main.storyboard in Resources */ = {isa = PBXBuildFile; fileRef = CED49AE92720FC880008A6F6 /* Main.storyboard */; };
		CED49AED2720FC8F0008A6F6 /* Assets.xcassets in Resources */ = {isa = PBXBuildFile; fileRef = CED49AEC2720FC8F0008A6F6 /* Assets.xcassets */; };
		CED49AF02720FC8F0008A6F6 /* LaunchScreen.storyboard in Resources */ = {isa = PBXBuildFile; fileRef = CED49AEE2720FC8F0008A6F6 /* LaunchScreen.storyboard */; };
		CED49AFB2720FC900008A6F6 /* ParstagramTests.swift in Sources */ = {isa = PBXBuildFile; fileRef = CED49AFA2720FC900008A6F6 /* ParstagramTests.swift */; };
		CED49B062720FC900008A6F6 /* ParstagramUITests.swift in Sources */ = {isa = PBXBuildFile; fileRef = CED49B052720FC900008A6F6 /* ParstagramUITests.swift */; };
/* End PBXBuildFile section */

/* Begin PBXContainerItemProxy section */
		CED49AF72720FC900008A6F6 /* PBXContainerItemProxy */ = {
			isa = PBXContainerItemProxy;
			containerPortal = CED49AD82720FC870008A6F6 /* Project object */;
			proxyType = 1;
			remoteGlobalIDString = CED49ADF2720FC870008A6F6;
			remoteInfo = Parstagram;
		};
		CED49B022720FC900008A6F6 /* PBXContainerItemProxy */ = {
			isa = PBXContainerItemProxy;
			containerPortal = CED49AD82720FC870008A6F6 /* Project object */;
			proxyType = 1;
			remoteGlobalIDString = CED49ADF2720FC870008A6F6;
			remoteInfo = Parstagram;
		};
/* End PBXContainerItemProxy section */

/* Begin PBXFileReference section */
		2F46926B7B42F1F132856063 /* Pods-Parstagram.release.xcconfig */ = {isa = PBXFileReference; includeInIndex = 1; lastKnownFileType = text.xcconfig; name = "Pods-Parstagram.release.xcconfig"; path = "Target Support Files/Pods-Parstagram/Pods-Parstagram.release.xcconfig"; sourceTree = "<group>"; };
		547D2D656FC48F35D411832A /* Pods_Parstagram.framework */ = {isa = PBXFileReference; explicitFileType = wrapper.framework; includeInIndex = 0; path = Pods_Parstagram.framework; sourceTree = BUILT_PRODUCTS_DIR; };
		8E48ED14ECAD8D7B88740AEF /* Pods-Parstagram.debug.xcconfig */ = {isa = PBXFileReference; includeInIndex = 1; lastKnownFileType = text.xcconfig; name = "Pods-Parstagram.debug.xcconfig"; path = "Target Support Files/Pods-Parstagram/Pods-Parstagram.debug.xcconfig"; sourceTree = "<group>"; };
		CE641C9B272103BC006E5C71 /* LoginViewController.swift */ = {isa = PBXFileReference; lastKnownFileType = sourcecode.swift; path = LoginViewController.swift; sourceTree = "<group>"; };
		CE641C9D272103D2006E5C71 /* FeedViewController.swift */ = {isa = PBXFileReference; lastKnownFileType = sourcecode.swift; path = FeedViewController.swift; sourceTree = "<group>"; };
		CE641CBB2721150C006E5C71 /* CameraViewController.swift */ = {isa = PBXFileReference; lastKnownFileType = sourcecode.swift; path = CameraViewController.swift; sourceTree = "<group>"; };
		CE641CC0272218D4006E5C71 /* PostCell.swift */ = {isa = PBXFileReference; lastKnownFileType = sourcecode.swift; path = PostCell.swift; sourceTree = "<group>"; };
		CED49AE02720FC870008A6F6 /* Parstagram.app */ = {isa = PBXFileReference; explicitFileType = wrapper.application; includeInIndex = 0; path = Parstagram.app; sourceTree = BUILT_PRODUCTS_DIR; };
		CED49AE32720FC870008A6F6 /* AppDelegate.swift */ = {isa = PBXFileReference; lastKnownFileType = sourcecode.swift; path = AppDelegate.swift; sourceTree = "<group>"; };
		CED49AE52720FC870008A6F6 /* SceneDelegate.swift */ = {isa = PBXFileReference; lastKnownFileType = sourcecode.swift; path = SceneDelegate.swift; sourceTree = "<group>"; };
		CED49AEA2720FC880008A6F6 /* Base */ = {isa = PBXFileReference; lastKnownFileType = file.storyboard; name = Base; path = Base.lproj/Main.storyboard; sourceTree = "<group>"; };
		CED49AEC2720FC8F0008A6F6 /* Assets.xcassets */ = {isa = PBXFileReference; lastKnownFileType = folder.assetcatalog; path = Assets.xcassets; sourceTree = "<group>"; };
		CED49AEF2720FC8F0008A6F6 /* Base */ = {isa = PBXFileReference; lastKnownFileType = file.storyboard; name = Base; path = Base.lproj/LaunchScreen.storyboard; sourceTree = "<group>"; };
		CED49AF12720FC8F0008A6F6 /* Info.plist */ = {isa = PBXFileReference; lastKnownFileType = text.plist.xml; path = Info.plist; sourceTree = "<group>"; };
		CED49AF62720FC900008A6F6 /* ParstagramTests.xctest */ = {isa = PBXFileReference; explicitFileType = wrapper.cfbundle; includeInIndex = 0; path = ParstagramTests.xctest; sourceTree = BUILT_PRODUCTS_DIR; };
		CED49AFA2720FC900008A6F6 /* ParstagramTests.swift */ = {isa = PBXFileReference; lastKnownFileType = sourcecode.swift; path = ParstagramTests.swift; sourceTree = "<group>"; };
		CED49AFC2720FC900008A6F6 /* Info.plist */ = {isa = PBXFileReference; lastKnownFileType = text.plist.xml; path = Info.plist; sourceTree = "<group>"; };
		CED49B012720FC900008A6F6 /* ParstagramUITests.xctest */ = {isa = PBXFileReference; explicitFileType = wrapper.cfbundle; includeInIndex = 0; path = ParstagramUITests.xctest; sourceTree = BUILT_PRODUCTS_DIR; };
		CED49B052720FC900008A6F6 /* ParstagramUITests.swift */ = {isa = PBXFileReference; lastKnownFileType = sourcecode.swift; path = ParstagramUITests.swift; sourceTree = "<group>"; };
		CED49B072720FC900008A6F6 /* Info.plist */ = {isa = PBXFileReference; lastKnownFileType = text.plist.xml; path = Info.plist; sourceTree = "<group>"; };
/* End PBXFileReference section */

/* Begin PBXFrameworksBuildPhase section */
		CED49ADD2720FC870008A6F6 /* Frameworks */ = {
			isa = PBXFrameworksBuildPhase;
			buildActionMask = 2147483647;
			files = (
				CDBC3059571109A4D922C270 /* Pods_Parstagram.framework in Frameworks */,
			);
			runOnlyForDeploymentPostprocessing = 0;
		};
		CED49AF32720FC900008A6F6 /* Frameworks */ = {
			isa = PBXFrameworksBuildPhase;
			buildActionMask = 2147483647;
			files = (
			);
			runOnlyForDeploymentPostprocessing = 0;
		};
		CED49AFE2720FC900008A6F6 /* Frameworks */ = {
			isa = PBXFrameworksBuildPhase;
			buildActionMask = 2147483647;
			files = (
			);
			runOnlyForDeploymentPostprocessing = 0;
		};
/* End PBXFrameworksBuildPhase section */

/* Begin PBXGroup section */
		0CD9E7831BCC82E1574A9ADC /* Pods */ = {
			isa = PBXGroup;
			children = (
				8E48ED14ECAD8D7B88740AEF /* Pods-Parstagram.debug.xcconfig */,
				2F46926B7B42F1F132856063 /* Pods-Parstagram.release.xcconfig */,
			);
			path = Pods;
			sourceTree = "<group>";
		};
		88AB5823C756EE11250B4106 /* Frameworks */ = {
			isa = PBXGroup;
			children = (
				547D2D656FC48F35D411832A /* Pods_Parstagram.framework */,
			);
			name = Frameworks;
			sourceTree = "<group>";
		};
		CED49AD72720FC870008A6F6 = {
			isa = PBXGroup;
			children = (
				CED49AE22720FC870008A6F6 /* Parstagram */,
				CED49AF92720FC900008A6F6 /* ParstagramTests */,
				CED49B042720FC900008A6F6 /* ParstagramUITests */,
				CED49AE12720FC870008A6F6 /* Products */,
				0CD9E7831BCC82E1574A9ADC /* Pods */,
				88AB5823C756EE11250B4106 /* Frameworks */,
			);
			sourceTree = "<group>";
		};
		CED49AE12720FC870008A6F6 /* Products */ = {
			isa = PBXGroup;
			children = (
				CED49AE02720FC870008A6F6 /* Parstagram.app */,
				CED49AF62720FC900008A6F6 /* ParstagramTests.xctest */,
				CED49B012720FC900008A6F6 /* ParstagramUITests.xctest */,
			);
			name = Products;
			sourceTree = "<group>";
		};
		CED49AE22720FC870008A6F6 /* Parstagram */ = {
			isa = PBXGroup;
			children = (
				CE641CBB2721150C006E5C71 /* CameraViewController.swift */,
				CE641CC0272218D4006E5C71 /* PostCell.swift */,
				CED49AE32720FC870008A6F6 /* AppDelegate.swift */,
				CED49AE52720FC870008A6F6 /* SceneDelegate.swift */,
				CED49AE92720FC880008A6F6 /* Main.storyboard */,
				CE641C9B272103BC006E5C71 /* LoginViewController.swift */,
				CE641C9D272103D2006E5C71 /* FeedViewController.swift */,
				CED49AEC2720FC8F0008A6F6 /* Assets.xcassets */,
				CED49AEE2720FC8F0008A6F6 /* LaunchScreen.storyboard */,
				CED49AF12720FC8F0008A6F6 /* Info.plist */,
			);
			path = Parstagram;
			sourceTree = "<group>";
		};
		CED49AF92720FC900008A6F6 /* ParstagramTests */ = {
			isa = PBXGroup;
			children = (
				CED49AFA2720FC900008A6F6 /* ParstagramTests.swift */,
				CED49AFC2720FC900008A6F6 /* Info.plist */,
			);
			path = ParstagramTests;
			sourceTree = "<group>";
		};
		CED49B042720FC900008A6F6 /* ParstagramUITests */ = {
			isa = PBXGroup;
			children = (
				CED49B052720FC900008A6F6 /* ParstagramUITests.swift */,
				CED49B072720FC900008A6F6 /* Info.plist */,
			);
			path = ParstagramUITests;
			sourceTree = "<group>";
		};
/* End PBXGroup section */

/* Begin PBXNativeTarget section */
		CED49ADF2720FC870008A6F6 /* Parstagram */ = {
			isa = PBXNativeTarget;
			buildConfigurationList = CED49B0A2720FC900008A6F6 /* Build configuration list for PBXNativeTarget "Parstagram" */;
			buildPhases = (
				FBBCBB58E61AB56FE315840B /* [CP] Check Pods Manifest.lock */,
				CED49ADC2720FC870008A6F6 /* Sources */,
				CED49ADD2720FC870008A6F6 /* Frameworks */,
				CED49ADE2720FC870008A6F6 /* Resources */,
				86129163486E625CD6F41218 /* [CP] Embed Pods Frameworks */,
			);
			buildRules = (
			);
			dependencies = (
			);
			name = Parstagram;
			productName = Parstagram;
			productReference = CED49AE02720FC870008A6F6 /* Parstagram.app */;
			productType = "com.apple.product-type.application";
		};
		CED49AF52720FC900008A6F6 /* ParstagramTests */ = {
			isa = PBXNativeTarget;
			buildConfigurationList = CED49B0D2720FC900008A6F6 /* Build configuration list for PBXNativeTarget "ParstagramTests" */;
			buildPhases = (
				CED49AF22720FC900008A6F6 /* Sources */,
				CED49AF32720FC900008A6F6 /* Frameworks */,
				CED49AF42720FC900008A6F6 /* Resources */,
			);
			buildRules = (
			);
			dependencies = (
				CED49AF82720FC900008A6F6 /* PBXTargetDependency */,
			);
			name = ParstagramTests;
			productName = ParstagramTests;
			productReference = CED49AF62720FC900008A6F6 /* ParstagramTests.xctest */;
			productType = "com.apple.product-type.bundle.unit-test";
		};
		CED49B002720FC900008A6F6 /* ParstagramUITests */ = {
			isa = PBXNativeTarget;
			buildConfigurationList = CED49B102720FC900008A6F6 /* Build configuration list for PBXNativeTarget "ParstagramUITests" */;
			buildPhases = (
				CED49AFD2720FC900008A6F6 /* Sources */,
				CED49AFE2720FC900008A6F6 /* Frameworks */,
				CED49AFF2720FC900008A6F6 /* Resources */,
			);
			buildRules = (
			);
			dependencies = (
				CED49B032720FC900008A6F6 /* PBXTargetDependency */,
			);
			name = ParstagramUITests;
			productName = ParstagramUITests;
			productReference = CED49B012720FC900008A6F6 /* ParstagramUITests.xctest */;
			productType = "com.apple.product-type.bundle.ui-testing";
		};
/* End PBXNativeTarget section */

/* Begin PBXProject section */
		CED49AD82720FC870008A6F6 /* Project object */ = {
			isa = PBXProject;
			attributes = {
				LastSwiftUpdateCheck = 1250;
				LastUpgradeCheck = 1250;
				TargetAttributes = {
					CED49ADF2720FC870008A6F6 = {
						CreatedOnToolsVersion = 12.5.1;
					};
					CED49AF52720FC900008A6F6 = {
						CreatedOnToolsVersion = 12.5.1;
						TestTargetID = CED49ADF2720FC870008A6F6;
					};
					CED49B002720FC900008A6F6 = {
						CreatedOnToolsVersion = 12.5.1;
						TestTargetID = CED49ADF2720FC870008A6F6;
					};
				};
			};
			buildConfigurationList = CED49ADB2720FC870008A6F6 /* Build configuration list for PBXProject "Parstagram" */;
			compatibilityVersion = "Xcode 9.3";
			developmentRegion = en;
			hasScannedForEncodings = 0;
			knownRegions = (
				en,
				Base,
			);
			mainGroup = CED49AD72720FC870008A6F6;
			productRefGroup = CED49AE12720FC870008A6F6 /* Products */;
			projectDirPath = "";
			projectRoot = "";
			targets = (
				CED49ADF2720FC870008A6F6 /* Parstagram */,
				CED49AF52720FC900008A6F6 /* ParstagramTests */,
				CED49B002720FC900008A6F6 /* ParstagramUITests */,
			);
		};
/* End PBXProject section */

/* Begin PBXResourcesBuildPhase section */
		CED49ADE2720FC870008A6F6 /* Resources */ = {
			isa = PBXResourcesBuildPhase;
			buildActionMask = 2147483647;
			files = (
				CED49AF02720FC8F0008A6F6 /* LaunchScreen.storyboard in Resources */,
				CED49AED2720FC8F0008A6F6 /* Assets.xcassets in Resources */,
				CED49AEB2720FC880008A6F6 /* Main.storyboard in Resources */,
			);
			runOnlyForDeploymentPostprocessing = 0;
		};
		CED49AF42720FC900008A6F6 /* Resources */ = {
			isa = PBXResourcesBuildPhase;
			buildActionMask = 2147483647;
			files = (
			);
			runOnlyForDeploymentPostprocessing = 0;
		};
		CED49AFF2720FC900008A6F6 /* Resources */ = {
			isa = PBXResourcesBuildPhase;
			buildActionMask = 2147483647;
			files = (
			);
			runOnlyForDeploymentPostprocessing = 0;
		};
/* End PBXResourcesBuildPhase section */

/* Begin PBXShellScriptBuildPhase section */
		86129163486E625CD6F41218 /* [CP] Embed Pods Frameworks */ = {
			isa = PBXShellScriptBuildPhase;
			buildActionMask = 2147483647;
			files = (
			);
			inputFileListPaths = (
				"${PODS_ROOT}/Target Support Files/Pods-Parstagram/Pods-Parstagram-frameworks-${CONFIGURATION}-input-files.xcfilelist",
			);
			name = "[CP] Embed Pods Frameworks";
			outputFileListPaths = (
				"${PODS_ROOT}/Target Support Files/Pods-Parstagram/Pods-Parstagram-frameworks-${CONFIGURATION}-output-files.xcfilelist",
			);
			runOnlyForDeploymentPostprocessing = 0;
			shellPath = /bin/sh;
			shellScript = "\"${PODS_ROOT}/Target Support Files/Pods-Parstagram/Pods-Parstagram-frameworks.sh\"\n";
			showEnvVarsInLog = 0;
		};
		FBBCBB58E61AB56FE315840B /* [CP] Check Pods Manifest.lock */ = {
			isa = PBXShellScriptBuildPhase;
			buildActionMask = 2147483647;
			files = (
			);
			inputFileListPaths = (
			);
			inputPaths = (
				"${PODS_PODFILE_DIR_PATH}/Podfile.lock",
				"${PODS_ROOT}/Manifest.lock",
			);
			name = "[CP] Check Pods Manifest.lock";
			outputFileListPaths = (
			);
			outputPaths = (
				"$(DERIVED_FILE_DIR)/Pods-Parstagram-checkManifestLockResult.txt",
			);
			runOnlyForDeploymentPostprocessing = 0;
			shellPath = /bin/sh;
			shellScript = "diff \"${PODS_PODFILE_DIR_PATH}/Podfile.lock\" \"${PODS_ROOT}/Manifest.lock\" > /dev/null\nif [ $? != 0 ] ; then\n    # print error to STDERR\n    echo \"error: The sandbox is not in sync with the Podfile.lock. Run 'pod install' or update your CocoaPods installation.\" >&2\n    exit 1\nfi\n# This output is used by Xcode 'outputs' to avoid re-running this script phase.\necho \"SUCCESS\" > \"${SCRIPT_OUTPUT_FILE_0}\"\n";
			showEnvVarsInLog = 0;
		};
/* End PBXShellScriptBuildPhase section */

/* Begin PBXSourcesBuildPhase section */
		CED49ADC2720FC870008A6F6 /* Sources */ = {
			isa = PBXSourcesBuildPhase;
			buildActionMask = 2147483647;
			files = (
				CE641C9C272103BC006E5C71 /* LoginViewController.swift in Sources */,
				CE641CBC2721150C006E5C71 /* CameraViewController.swift in Sources */,
				CED49AE42720FC870008A6F6 /* AppDelegate.swift in Sources */,
				CE641C9E272103D2006E5C71 /* FeedViewController.swift in Sources */,
				CED49AE62720FC870008A6F6 /* SceneDelegate.swift in Sources */,
				CE641CC1272218D4006E5C71 /* PostCell.swift in Sources */,
			);
			runOnlyForDeploymentPostprocessing = 0;
		};
		CED49AF22720FC900008A6F6 /* Sources */ = {
			isa = PBXSourcesBuildPhase;
			buildActionMask = 2147483647;
			files = (
				CED49AFB2720FC900008A6F6 /* ParstagramTests.swift in Sources */,
			);
			runOnlyForDeploymentPostprocessing = 0;
		};
		CED49AFD2720FC900008A6F6 /* Sources */ = {
			isa = PBXSourcesBuildPhase;
			buildActionMask = 2147483647;
			files = (
				CED49B062720FC900008A6F6 /* ParstagramUITests.swift in Sources */,
			);
			runOnlyForDeploymentPostprocessing = 0;
		};
/* End PBXSourcesBuildPhase section */

/* Begin PBXTargetDependency section */
		CED49AF82720FC900008A6F6 /* PBXTargetDependency */ = {
			isa = PBXTargetDependency;
			target = CED49ADF2720FC870008A6F6 /* Parstagram */;
			targetProxy = CED49AF72720FC900008A6F6 /* PBXContainerItemProxy */;
		};
		CED49B032720FC900008A6F6 /* PBXTargetDependency */ = {
			isa = PBXTargetDependency;
			target = CED49ADF2720FC870008A6F6 /* Parstagram */;
			targetProxy = CED49B022720FC900008A6F6 /* PBXContainerItemProxy */;
		};
/* End PBXTargetDependency section */

/* Begin PBXVariantGroup section */
		CED49AE92720FC880008A6F6 /* Main.storyboard */ = {
			isa = PBXVariantGroup;
			children = (
				CED49AEA2720FC880008A6F6 /* Base */,
			);
			name = Main.storyboard;
			sourceTree = "<group>";
		};
		CED49AEE2720FC8F0008A6F6 /* LaunchScreen.storyboard */ = {
			isa = PBXVariantGroup;
			children = (
				CED49AEF2720FC8F0008A6F6 /* Base */,
			);
			name = LaunchScreen.storyboard;
			sourceTree = "<group>";
		};
/* End PBXVariantGroup section */

/* Begin XCBuildConfiguration section */
		CED49B082720FC900008A6F6 /* Debug */ = {
			isa = XCBuildConfiguration;
			buildSettings = {
				ALWAYS_SEARCH_USER_PATHS = NO;
				CLANG_ANALYZER_NONNULL = YES;
				CLANG_ANALYZER_NUMBER_OBJECT_CONVERSION = YES_AGGRESSIVE;
				CLANG_CXX_LANGUAGE_STANDARD = "gnu++14";
				CLANG_CXX_LIBRARY = "libc++";
				CLANG_ENABLE_MODULES = YES;
				CLANG_ENABLE_OBJC_ARC = YES;
				CLANG_ENABLE_OBJC_WEAK = YES;
				CLANG_WARN_BLOCK_CAPTURE_AUTORELEASING = YES;
				CLANG_WARN_BOOL_CONVERSION = YES;
				CLANG_WARN_COMMA = YES;
				CLANG_WARN_CONSTANT_CONVERSION = YES;
				CLANG_WARN_DEPRECATED_OBJC_IMPLEMENTATIONS = YES;
				CLANG_WARN_DIRECT_OBJC_ISA_USAGE = YES_ERROR;
				CLANG_WARN_DOCUMENTATION_COMMENTS = YES;
				CLANG_WARN_EMPTY_BODY = YES;
				CLANG_WARN_ENUM_CONVERSION = YES;
				CLANG_WARN_INFINITE_RECURSION = YES;
				CLANG_WARN_INT_CONVERSION = YES;
				CLANG_WARN_NON_LITERAL_NULL_CONVERSION = YES;
				CLANG_WARN_OBJC_IMPLICIT_RETAIN_SELF = YES;
				CLANG_WARN_OBJC_LITERAL_CONVERSION = YES;
				CLANG_WARN_OBJC_ROOT_CLASS = YES_ERROR;
				CLANG_WARN_QUOTED_INCLUDE_IN_FRAMEWORK_HEADER = YES;
				CLANG_WARN_RANGE_LOOP_ANALYSIS = YES;
				CLANG_WARN_STRICT_PROTOTYPES = YES;
				CLANG_WARN_SUSPICIOUS_MOVE = YES;
				CLANG_WARN_UNGUARDED_AVAILABILITY = YES_AGGRESSIVE;
				CLANG_WARN_UNREACHABLE_CODE = YES;
				CLANG_WARN__DUPLICATE_METHOD_MATCH = YES;
				COPY_PHASE_STRIP = NO;
				DEBUG_INFORMATION_FORMAT = dwarf;
				ENABLE_STRICT_OBJC_MSGSEND = YES;
				ENABLE_TESTABILITY = YES;
				GCC_C_LANGUAGE_STANDARD = gnu11;
				GCC_DYNAMIC_NO_PIC = NO;
				GCC_NO_COMMON_BLOCKS = YES;
				GCC_OPTIMIZATION_LEVEL = 0;
				GCC_PREPROCESSOR_DEFINITIONS = (
					"DEBUG=1",
					"$(inherited)",
				);
				GCC_WARN_64_TO_32_BIT_CONVERSION = YES;
				GCC_WARN_ABOUT_RETURN_TYPE = YES_ERROR;
				GCC_WARN_UNDECLARED_SELECTOR = YES;
				GCC_WARN_UNINITIALIZED_AUTOS = YES_AGGRESSIVE;
				GCC_WARN_UNUSED_FUNCTION = YES;
				GCC_WARN_UNUSED_VARIABLE = YES;
				IPHONEOS_DEPLOYMENT_TARGET = 14.5;
				MTL_ENABLE_DEBUG_INFO = INCLUDE_SOURCE;
				MTL_FAST_MATH = YES;
				ONLY_ACTIVE_ARCH = YES;
				SDKROOT = iphoneos;
				SWIFT_ACTIVE_COMPILATION_CONDITIONS = DEBUG;
				SWIFT_OPTIMIZATION_LEVEL = "-Onone";
			};
			name = Debug;
		};
		CED49B092720FC900008A6F6 /* Release */ = {
			isa = XCBuildConfiguration;
			buildSettings = {
				ALWAYS_SEARCH_USER_PATHS = NO;
				CLANG_ANALYZER_NONNULL = YES;
				CLANG_ANALYZER_NUMBER_OBJECT_CONVERSION = YES_AGGRESSIVE;
				CLANG_CXX_LANGUAGE_STANDARD = "gnu++14";
				CLANG_CXX_LIBRARY = "libc++";
				CLANG_ENABLE_MODULES = YES;
				CLANG_ENABLE_OBJC_ARC = YES;
				CLANG_ENABLE_OBJC_WEAK = YES;
				CLANG_WARN_BLOCK_CAPTURE_AUTORELEASING = YES;
				CLANG_WARN_BOOL_CONVERSION = YES;
				CLANG_WARN_COMMA = YES;
				CLANG_WARN_CONSTANT_CONVERSION = YES;
				CLANG_WARN_DEPRECATED_OBJC_IMPLEMENTATIONS = YES;
				CLANG_WARN_DIRECT_OBJC_ISA_USAGE = YES_ERROR;
				CLANG_WARN_DOCUMENTATION_COMMENTS = YES;
				CLANG_WARN_EMPTY_BODY = YES;
				CLANG_WARN_ENUM_CONVERSION = YES;
				CLANG_WARN_INFINITE_RECURSION = YES;
				CLANG_WARN_INT_CONVERSION = YES;
				CLANG_WARN_NON_LITERAL_NULL_CONVERSION = YES;
				CLANG_WARN_OBJC_IMPLICIT_RETAIN_SELF = YES;
				CLANG_WARN_OBJC_LITERAL_CONVERSION = YES;
				CLANG_WARN_OBJC_ROOT_CLASS = YES_ERROR;
				CLANG_WARN_QUOTED_INCLUDE_IN_FRAMEWORK_HEADER = YES;
				CLANG_WARN_RANGE_LOOP_ANALYSIS = YES;
				CLANG_WARN_STRICT_PROTOTYPES = YES;
				CLANG_WARN_SUSPICIOUS_MOVE = YES;
				CLANG_WARN_UNGUARDED_AVAILABILITY = YES_AGGRESSIVE;
				CLANG_WARN_UNREACHABLE_CODE = YES;
				CLANG_WARN__DUPLICATE_METHOD_MATCH = YES;
				COPY_PHASE_STRIP = NO;
				DEBUG_INFORMATION_FORMAT = "dwarf-with-dsym";
				ENABLE_NS_ASSERTIONS = NO;
				ENABLE_STRICT_OBJC_MSGSEND = YES;
				GCC_C_LANGUAGE_STANDARD = gnu11;
				GCC_NO_COMMON_BLOCKS = YES;
				GCC_WARN_64_TO_32_BIT_CONVERSION = YES;
				GCC_WARN_ABOUT_RETURN_TYPE = YES_ERROR;
				GCC_WARN_UNDECLARED_SELECTOR = YES;
				GCC_WARN_UNINITIALIZED_AUTOS = YES_AGGRESSIVE;
				GCC_WARN_UNUSED_FUNCTION = YES;
				GCC_WARN_UNUSED_VARIABLE = YES;
				IPHONEOS_DEPLOYMENT_TARGET = 14.5;
				MTL_ENABLE_DEBUG_INFO = NO;
				MTL_FAST_MATH = YES;
				SDKROOT = iphoneos;
				SWIFT_COMPILATION_MODE = wholemodule;
				SWIFT_OPTIMIZATION_LEVEL = "-O";
				VALIDATE_PRODUCT = YES;
			};
			name = Release;
		};
		CED49B0B2720FC900008A6F6 /* Debug */ = {
			isa = XCBuildConfiguration;
			baseConfigurationReference = 8E48ED14ECAD8D7B88740AEF /* Pods-Parstagram.debug.xcconfig */;
			buildSettings = {
				ASSETCATALOG_COMPILER_APPICON_NAME = AppIcon;
				ASSETCATALOG_COMPILER_GLOBAL_ACCENT_COLOR_NAME = AccentColor;
				CODE_SIGN_STYLE = Automatic;
				DEVELOPMENT_TEAM = 8JA9Y4MCKN;
				INFOPLIST_FILE = Parstagram/Info.plist;
				LD_RUNPATH_SEARCH_PATHS = (
					"$(inherited)",
					"@executable_path/Frameworks",
				);
				PRODUCT_BUNDLE_IDENTIFIER = "com.lepperj-oregonstate.edu.Parstagram";
				PRODUCT_NAME = "$(TARGET_NAME)";
				SWIFT_VERSION = 5.0;
				TARGETED_DEVICE_FAMILY = "1,2";
			};
			name = Debug;
		};
		CED49B0C2720FC900008A6F6 /* Release */ = {
			isa = XCBuildConfiguration;
			baseConfigurationReference = 2F46926B7B42F1F132856063 /* Pods-Parstagram.release.xcconfig */;
			buildSettings = {
				ASSETCATALOG_COMPILER_APPICON_NAME = AppIcon;
				ASSETCATALOG_COMPILER_GLOBAL_ACCENT_COLOR_NAME = AccentColor;
				CODE_SIGN_STYLE = Automatic;
				DEVELOPMENT_TEAM = 8JA9Y4MCKN;
				INFOPLIST_FILE = Parstagram/Info.plist;
				LD_RUNPATH_SEARCH_PATHS = (
					"$(inherited)",
					"@executable_path/Frameworks",
				);
				PRODUCT_BUNDLE_IDENTIFIER = "com.lepperj-oregonstate.edu.Parstagram";
				PRODUCT_NAME = "$(TARGET_NAME)";
				SWIFT_VERSION = 5.0;
				TARGETED_DEVICE_FAMILY = "1,2";
			};
			name = Release;
		};
		CED49B0E2720FC900008A6F6 /* Debug */ = {
			isa = XCBuildConfiguration;
			buildSettings = {
				ALWAYS_EMBED_SWIFT_STANDARD_LIBRARIES = YES;
				BUNDLE_LOADER = "$(TEST_HOST)";
				CODE_SIGN_STYLE = Automatic;
				DEVELOPMENT_TEAM = 8JA9Y4MCKN;
				INFOPLIST_FILE = ParstagramTests/Info.plist;
				IPHONEOS_DEPLOYMENT_TARGET = 14.5;
				LD_RUNPATH_SEARCH_PATHS = (
					"$(inherited)",
					"@executable_path/Frameworks",
					"@loader_path/Frameworks",
				);
				PRODUCT_BUNDLE_IDENTIFIER = "com.lepperj-oregonstate.edu.ParstagramTests";
				PRODUCT_NAME = "$(TARGET_NAME)";
				SWIFT_VERSION = 5.0;
				TARGETED_DEVICE_FAMILY = "1,2";
				TEST_HOST = "$(BUILT_PRODUCTS_DIR)/Parstagram.app/Parstagram";
			};
			name = Debug;
		};
		CED49B0F2720FC900008A6F6 /* Release */ = {
			isa = XCBuildConfiguration;
			buildSettings = {
				ALWAYS_EMBED_SWIFT_STANDARD_LIBRARIES = YES;
				BUNDLE_LOADER = "$(TEST_HOST)";
				CODE_SIGN_STYLE = Automatic;
				DEVELOPMENT_TEAM = 8JA9Y4MCKN;
				INFOPLIST_FILE = ParstagramTests/Info.plist;
				IPHONEOS_DEPLOYMENT_TARGET = 14.5;
				LD_RUNPATH_SEARCH_PATHS = (
					"$(inherited)",
					"@executable_path/Frameworks",
					"@loader_path/Frameworks",
				);
				PRODUCT_BUNDLE_IDENTIFIER = "com.lepperj-oregonstate.edu.ParstagramTests";
				PRODUCT_NAME = "$(TARGET_NAME)";
				SWIFT_VERSION = 5.0;
				TARGETED_DEVICE_FAMILY = "1,2";
				TEST_HOST = "$(BUILT_PRODUCTS_DIR)/Parstagram.app/Parstagram";
			};
			name = Release;
		};
		CED49B112720FC900008A6F6 /* Debug */ = {
			isa = XCBuildConfiguration;
			buildSettings = {
				ALWAYS_EMBED_SWIFT_STANDARD_LIBRARIES = YES;
				CODE_SIGN_STYLE = Automatic;
				DEVELOPMENT_TEAM = 8JA9Y4MCKN;
				INFOPLIST_FILE = ParstagramUITests/Info.plist;
				LD_RUNPATH_SEARCH_PATHS = (
					"$(inherited)",
					"@executable_path/Frameworks",
					"@loader_path/Frameworks",
				);
				PRODUCT_BUNDLE_IDENTIFIER = "com.lepperj-oregonstate.edu.ParstagramUITests";
				PRODUCT_NAME = "$(TARGET_NAME)";
				SWIFT_VERSION = 5.0;
				TARGETED_DEVICE_FAMILY = "1,2";
				TEST_TARGET_NAME = Parstagram;
			};
			name = Debug;
		};
		CED49B122720FC900008A6F6 /* Release */ = {
			isa = XCBuildConfiguration;
			buildSettings = {
				ALWAYS_EMBED_SWIFT_STANDARD_LIBRARIES = YES;
				CODE_SIGN_STYLE = Automatic;
				DEVELOPMENT_TEAM = 8JA9Y4MCKN;
				INFOPLIST_FILE = ParstagramUITests/Info.plist;
				LD_RUNPATH_SEARCH_PATHS = (
					"$(inherited)",
					"@executable_path/Frameworks",
					"@loader_path/Frameworks",
				);
				PRODUCT_BUNDLE_IDENTIFIER = "com.lepperj-oregonstate.edu.ParstagramUITests";
				PRODUCT_NAME = "$(TARGET_NAME)";
				SWIFT_VERSION = 5.0;
				TARGETED_DEVICE_FAMILY = "1,2";
				TEST_TARGET_NAME = Parstagram;
			};
			name = Release;
		};
/* End XCBuildConfiguration section */

/* Begin XCConfigurationList section */
		CED49ADB2720FC870008A6F6 /* Build configuration list for PBXProject "Parstagram" */ = {
			isa = XCConfigurationList;
			buildConfigurations = (
				CED49B082720FC900008A6F6 /* Debug */,
				CED49B092720FC900008A6F6 /* Release */,
			);
			defaultConfigurationIsVisible = 0;
			defaultConfigurationName = Release;
		};
		CED49B0A2720FC900008A6F6 /* Build configuration list for PBXNativeTarget "Parstagram" */ = {
			isa = XCConfigurationList;
			buildConfigurations = (
				CED49B0B2720FC900008A6F6 /* Debug */,
				CED49B0C2720FC900008A6F6 /* Release */,
			);
			defaultConfigurationIsVisible = 0;
			defaultConfigurationName = Release;
		};
		CED49B0D2720FC900008A6F6 /* Build configuration list for PBXNativeTarget "ParstagramTests" */ = {
			isa = XCConfigurationList;
			buildConfigurations = (
				CED49B0E2720FC900008A6F6 /* Debug */,
				CED49B0F2720FC900008A6F6 /* Release */,
			);
			defaultConfigurationIsVisible = 0;
			defaultConfigurationName = Release;
		};
		CED49B102720FC900008A6F6 /* Build configuration list for PBXNativeTarget "ParstagramUITests" */ = {
			isa = XCConfigurationList;
			buildConfigurations = (
				CED49B112720FC900008A6F6 /* Debug */,
				CED49B122720FC900008A6F6 /* Release */,
			);
			defaultConfigurationIsVisible = 0;
			defaultConfigurationName = Release;
		};
/* End XCConfigurationList section */
	};
	rootObject = CED49AD82720FC870008A6F6 /* Project object */;
}
